// !$*UTF8*$!
{
	archiveVersion = 1;
	classes = {
	};
	objectVersion = 46;
	objects = {

/* Begin PBXBuildFile section */
		6AE9E2F143722327F3E2DA07 /* Pods_Twitter.framework in Frameworks */ = {isa = PBXBuildFile; fileRef = E0BD1C9CE0674CDABA13A620 /* Pods_Twitter.framework */; };
		CF4613A11C7C2B7800AA043E /* User.swift in Sources */ = {isa = PBXBuildFile; fileRef = CF4613A01C7C2B7800AA043E /* User.swift */; };
		CF4613A31C7C2B9D00AA043E /* Tweet.swift in Sources */ = {isa = PBXBuildFile; fileRef = CF4613A21C7C2B9D00AA043E /* Tweet.swift */; };
		CF4613A51C7C348B00AA043E /* TwitterClient.swift in Sources */ = {isa = PBXBuildFile; fileRef = CF4613A41C7C348B00AA043E /* TwitterClient.swift */; };
		CF77B14E1C7BE10900DE3E72 /* LoginViewController.swift in Sources */ = {isa = PBXBuildFile; fileRef = CF77B14D1C7BE10900DE3E72 /* LoginViewController.swift */; };
		CF8344B51C7CF75900971924 /* TweetsViewController.swift in Sources */ = {isa = PBXBuildFile; fileRef = CF8344B41C7CF75900971924 /* TweetsViewController.swift */; };
		CF9257AD1C7BD6D30014CF3D /* AppDelegate.swift in Sources */ = {isa = PBXBuildFile; fileRef = CF9257AC1C7BD6D30014CF3D /* AppDelegate.swift */; };
		CF9257B21C7BD6D30014CF3D /* Main.storyboard in Resources */ = {isa = PBXBuildFile; fileRef = CF9257B01C7BD6D30014CF3D /* Main.storyboard */; };
		CF9257B41C7BD6D30014CF3D /* Assets.xcassets in Resources */ = {isa = PBXBuildFile; fileRef = CF9257B31C7BD6D30014CF3D /* Assets.xcassets */; };
		CF9257B71C7BD6D30014CF3D /* LaunchScreen.storyboard in Resources */ = {isa = PBXBuildFile; fileRef = CF9257B51C7BD6D30014CF3D /* LaunchScreen.storyboard */; };
		CF92A0131C7D0C0F00FC04A7 /* TwitterCell.swift in Sources */ = {isa = PBXBuildFile; fileRef = CF92A0121C7D0C0F00FC04A7 /* TwitterCell.swift */; };
/* End PBXBuildFile section */

/* Begin PBXFileReference section */
		5507EBD37861B325E82C33B0 /* Pods-Twitter.release.xcconfig */ = {isa = PBXFileReference; includeInIndex = 1; lastKnownFileType = text.xcconfig; name = "Pods-Twitter.release.xcconfig"; path = "Pods/Target Support Files/Pods-Twitter/Pods-Twitter.release.xcconfig"; sourceTree = "<group>"; };
		5965025D6474571C89773B12 /* Pods-Twitter.debug.xcconfig */ = {isa = PBXFileReference; includeInIndex = 1; lastKnownFileType = text.xcconfig; name = "Pods-Twitter.debug.xcconfig"; path = "Pods/Target Support Files/Pods-Twitter/Pods-Twitter.debug.xcconfig"; sourceTree = "<group>"; };
		CF4613A01C7C2B7800AA043E /* User.swift */ = {isa = PBXFileReference; fileEncoding = 4; lastKnownFileType = sourcecode.swift; path = User.swift; sourceTree = "<group>"; };
		CF4613A21C7C2B9D00AA043E /* Tweet.swift */ = {isa = PBXFileReference; fileEncoding = 4; lastKnownFileType = sourcecode.swift; path = Tweet.swift; sourceTree = "<group>"; };
		CF4613A41C7C348B00AA043E /* TwitterClient.swift */ = {isa = PBXFileReference; fileEncoding = 4; lastKnownFileType = sourcecode.swift; path = TwitterClient.swift; sourceTree = "<group>"; };
		CF77B14D1C7BE10900DE3E72 /* LoginViewController.swift */ = {isa = PBXFileReference; fileEncoding = 4; lastKnownFileType = sourcecode.swift; path = LoginViewController.swift; sourceTree = "<group>"; };
		CF8344B41C7CF75900971924 /* TweetsViewController.swift */ = {isa = PBXFileReference; fileEncoding = 4; lastKnownFileType = sourcecode.swift; path = TweetsViewController.swift; sourceTree = "<group>"; };
		CF9257A91C7BD6D30014CF3D /* Twitter.app */ = {isa = PBXFileReference; explicitFileType = wrapper.application; includeInIndex = 0; path = Twitter.app; sourceTree = BUILT_PRODUCTS_DIR; };
		CF9257AC1C7BD6D30014CF3D /* AppDelegate.swift */ = {isa = PBXFileReference; lastKnownFileType = sourcecode.swift; path = AppDelegate.swift; sourceTree = "<group>"; };
		CF9257B11C7BD6D30014CF3D /* Base */ = {isa = PBXFileReference; lastKnownFileType = file.storyboard; name = Base; path = Base.lproj/Main.storyboard; sourceTree = "<group>"; };
		CF9257B31C7BD6D30014CF3D /* Assets.xcassets */ = {isa = PBXFileReference; lastKnownFileType = folder.assetcatalog; path = Assets.xcassets; sourceTree = "<group>"; };
		CF9257B61C7BD6D30014CF3D /* Base */ = {isa = PBXFileReference; lastKnownFileType = file.storyboard; name = Base; path = Base.lproj/LaunchScreen.storyboard; sourceTree = "<group>"; };
		CF9257B81C7BD6D30014CF3D /* Info.plist */ = {isa = PBXFileReference; lastKnownFileType = text.plist.xml; path = Info.plist; sourceTree = "<group>"; };
		CF92A0121C7D0C0F00FC04A7 /* TwitterCell.swift */ = {isa = PBXFileReference; fileEncoding = 4; lastKnownFileType = sourcecode.swift; path = TwitterCell.swift; sourceTree = "<group>"; };
		E0BD1C9CE0674CDABA13A620 /* Pods_Twitter.framework */ = {isa = PBXFileReference; explicitFileType = wrapper.framework; includeInIndex = 0; path = Pods_Twitter.framework; sourceTree = BUILT_PRODUCTS_DIR; };
/* End PBXFileReference section */

/* Begin PBXFrameworksBuildPhase section */
		CF9257A61C7BD6D30014CF3D /* Frameworks */ = {
			isa = PBXFrameworksBuildPhase;
			buildActionMask = 2147483647;
			files = (
				6AE9E2F143722327F3E2DA07 /* Pods_Twitter.framework in Frameworks */,
			);
			runOnlyForDeploymentPostprocessing = 0;
		};
/* End PBXFrameworksBuildPhase section */

/* Begin PBXGroup section */
		0847FC2377D094B0EE8A9661 /* Pods */ = {
			isa = PBXGroup;
			children = (
				5965025D6474571C89773B12 /* Pods-Twitter.debug.xcconfig */,
				5507EBD37861B325E82C33B0 /* Pods-Twitter.release.xcconfig */,
			);
			name = Pods;
			sourceTree = "<group>";
		};
		CF46139D1C7C2B0500AA043E /* Models */ = {
			isa = PBXGroup;
			children = (
				CF4613A01C7C2B7800AA043E /* User.swift */,
				CF4613A21C7C2B9D00AA043E /* Tweet.swift */,
			);
			name = Models;
			sourceTree = "<group>";
		};
		CF46139E1C7C2B0E00AA043E /* View Controllers */ = {
			isa = PBXGroup;
			children = (
				CF77B14D1C7BE10900DE3E72 /* LoginViewController.swift */,
				CF8344B41C7CF75900971924 /* TweetsViewController.swift */,
			);
			name = "View Controllers";
			sourceTree = "<group>";
		};
		CF46139F1C7C2B2A00AA043E /* API */ = {
			isa = PBXGroup;
			children = (
				CF4613A41C7C348B00AA043E /* TwitterClient.swift */,
			);
			name = API;
			sourceTree = "<group>";
		};
		CF9257A01C7BD6D30014CF3D = {
			isa = PBXGroup;
			children = (
				CF9257AB1C7BD6D30014CF3D /* Twitter */,
				CF9257AA1C7BD6D30014CF3D /* Products */,
				0847FC2377D094B0EE8A9661 /* Pods */,
				FFA1283593BF7558F3E0465D /* Frameworks */,
			);
			sourceTree = "<group>";
		};
		CF9257AA1C7BD6D30014CF3D /* Products */ = {
			isa = PBXGroup;
			children = (
				CF9257A91C7BD6D30014CF3D /* Twitter.app */,
			);
			name = Products;
			sourceTree = "<group>";
		};
		CF9257AB1C7BD6D30014CF3D /* Twitter */ = {
			isa = PBXGroup;
			children = (
				CF92A0111C7D0BF200FC04A7 /* Views */,
				CF46139F1C7C2B2A00AA043E /* API */,
				CF46139E1C7C2B0E00AA043E /* View Controllers */,
				CF46139D1C7C2B0500AA043E /* Models */,
				CF9257AC1C7BD6D30014CF3D /* AppDelegate.swift */,
				CF9257B01C7BD6D30014CF3D /* Main.storyboard */,
				CF9257B31C7BD6D30014CF3D /* Assets.xcassets */,
				CF9257B51C7BD6D30014CF3D /* LaunchScreen.storyboard */,
				CF9257B81C7BD6D30014CF3D /* Info.plist */,
			);
			path = Twitter;
			sourceTree = "<group>";
		};
		CF92A0111C7D0BF200FC04A7 /* Views */ = {
			isa = PBXGroup;
			children = (
				CF92A0121C7D0C0F00FC04A7 /* TwitterCell.swift */,
			);
			name = Views;
			sourceTree = "<group>";
		};
		FFA1283593BF7558F3E0465D /* Frameworks */ = {
			isa = PBXGroup;
			children = (
				E0BD1C9CE0674CDABA13A620 /* Pods_Twitter.framework */,
			);
			name = Frameworks;
			sourceTree = "<group>";
		};
/* End PBXGroup section */

/* Begin PBXNativeTarget section */
		CF9257A81C7BD6D30014CF3D /* Twitter */ = {
			isa = PBXNativeTarget;
			buildConfigurationList = CF9257BB1C7BD6D30014CF3D /* Build configuration list for PBXNativeTarget "Twitter" */;
			buildPhases = (
				20ABBDA4F87AD68433B5A107 /* Check Pods Manifest.lock */,
				CF9257A51C7BD6D30014CF3D /* Sources */,
				CF9257A61C7BD6D30014CF3D /* Frameworks */,
				CF9257A71C7BD6D30014CF3D /* Resources */,
				E2FBFA53EB0134FFD0BFE6ED /* Embed Pods Frameworks */,
				AD25ABE9B02DB4827A936B6C /* Copy Pods Resources */,
			);
			buildRules = (
			);
			dependencies = (
			);
			name = Twitter;
			productName = Twitter;
			productReference = CF9257A91C7BD6D30014CF3D /* Twitter.app */;
			productType = "com.apple.product-type.application";
		};
/* End PBXNativeTarget section */

/* Begin PBXProject section */
		CF9257A11C7BD6D30014CF3D /* Project object */ = {
			isa = PBXProject;
			attributes = {
				LastSwiftUpdateCheck = 0720;
				LastUpgradeCheck = 0720;
				ORGANIZATIONNAME = "Harpreet Singh";
				TargetAttributes = {
					CF9257A81C7BD6D30014CF3D = {
						CreatedOnToolsVersion = 7.2.1;
						DevelopmentTeam = CZ4DHG4SWH;
					};
				};
			};
			buildConfigurationList = CF9257A41C7BD6D30014CF3D /* Build configuration list for PBXProject "Twitter" */;
			compatibilityVersion = "Xcode 3.2";
			developmentRegion = English;
			hasScannedForEncodings = 0;
			knownRegions = (
				en,
				Base,
			);
			mainGroup = CF9257A01C7BD6D30014CF3D;
			productRefGroup = CF9257AA1C7BD6D30014CF3D /* Products */;
			projectDirPath = "";
			projectRoot = "";
			targets = (
				CF9257A81C7BD6D30014CF3D /* Twitter */,
			);
		};
/* End PBXProject section */

/* Begin PBXResourcesBuildPhase section */
		CF9257A71C7BD6D30014CF3D /* Resources */ = {
			isa = PBXResourcesBuildPhase;
			buildActionMask = 2147483647;
			files = (
				CF9257B71C7BD6D30014CF3D /* LaunchScreen.storyboard in Resources */,
				CF9257B41C7BD6D30014CF3D /* Assets.xcassets in Resources */,
				CF9257B21C7BD6D30014CF3D /* Main.storyboard in Resources */,
			);
			runOnlyForDeploymentPostprocessing = 0;
		};
/* End PBXResourcesBuildPhase section */

/* Begin PBXShellScriptBuildPhase section */
		20ABBDA4F87AD68433B5A107 /* Check Pods Manifest.lock */ = {
			isa = PBXShellScriptBuildPhase;
			buildActionMask = 2147483647;
			files = (
			);
			inputPaths = (
			);
			name = "Check Pods Manifest.lock";
			outputPaths = (
			);
			runOnlyForDeploymentPostprocessing = 0;
			shellPath = /bin/sh;
			shellScript = "diff \"${PODS_ROOT}/../Podfile.lock\" \"${PODS_ROOT}/Manifest.lock\" > /dev/null\nif [[ $? != 0 ]] ; then\n    cat << EOM\nerror: The sandbox is not in sync with the Podfile.lock. Run 'pod install' or update your CocoaPods installation.\nEOM\n    exit 1\nfi\n";
			showEnvVarsInLog = 0;
		};
		AD25ABE9B02DB4827A936B6C /* Copy Pods Resources */ = {
			isa = PBXShellScriptBuildPhase;
			buildActionMask = 2147483647;
			files = (
			);
			inputPaths = (
			);
			name = "Copy Pods Resources";
			outputPaths = (
			);
			runOnlyForDeploymentPostprocessing = 0;
			shellPath = /bin/sh;
			shellScript = "\"${SRCROOT}/Pods/Target Support Files/Pods-Twitter/Pods-Twitter-resources.sh\"\n";
			showEnvVarsInLog = 0;
		};
		E2FBFA53EB0134FFD0BFE6ED /* Embed Pods Frameworks */ = {
			isa = PBXShellScriptBuildPhase;
			buildActionMask = 2147483647;
			files = (
			);
			inputPaths = (
			);
			name = "Embed Pods Frameworks";
			outputPaths = (
			);
			runOnlyForDeploymentPostprocessing = 0;
			shellPath = /bin/sh;
			shellScript = "\"${SRCROOT}/Pods/Target Support Files/Pods-Twitter/Pods-Twitter-frameworks.sh\"\n";
			showEnvVarsInLog = 0;
		};
/* End PBXShellScriptBuildPhase section */

/* Begin PBXSourcesBuildPhase section */
		CF9257A51C7BD6D30014CF3D /* Sources */ = {
			isa = PBXSourcesBuildPhase;
			buildActionMask = 2147483647;
			files = (
				CF4613A11C7C2B7800AA043E /* User.swift in Sources */,
				CF4613A31C7C2B9D00AA043E /* Tweet.swift in Sources */,
				CF77B14E1C7BE10900DE3E72 /* LoginViewController.swift in Sources */,
				CF8344B51C7CF75900971924 /* TweetsViewController.swift in Sources */,
				CF4613A51C7C348B00AA043E /* TwitterClient.swift in Sources */,
				CF92A0131C7D0C0F00FC04A7 /* TwitterCell.swift in Sources */,
				CF9257AD1C7BD6D30014CF3D /* AppDelegate.swift in Sources */,
			);
			runOnlyForDeploymentPostprocessing = 0;
		};
/* End PBXSourcesBuildPhase section */

/* Begin PBXVariantGroup section */
		CF9257B01C7BD6D30014CF3D /* Main.storyboard */ = {
			isa = PBXVariantGroup;
			children = (
				CF9257B11C7BD6D30014CF3D /* Base */,
			);
			name = Main.storyboard;
			sourceTree = "<group>";
		};
		CF9257B51C7BD6D30014CF3D /* LaunchScreen.storyboard */ = {
			isa = PBXVariantGroup;
			children = (
				CF9257B61C7BD6D30014CF3D /* Base */,
			);
			name = LaunchScreen.storyboard;
			sourceTree = "<group>";
		};
/* End PBXVariantGroup section */

/* Begin XCBuildConfiguration section */
		CF9257B91C7BD6D30014CF3D /* Debug */ = {
			isa = XCBuildConfiguration;
			buildSettings = {
				ALWAYS_SEARCH_USER_PATHS = NO;
				CLANG_CXX_LANGUAGE_STANDARD = "gnu++0x";
				CLANG_CXX_LIBRARY = "libc++";
				CLANG_ENABLE_MODULES = YES;
				CLANG_ENABLE_OBJC_ARC = YES;
				CLANG_WARN_BOOL_CONVERSION = YES;
				CLANG_WARN_CONSTANT_CONVERSION = YES;
				CLANG_WARN_DIRECT_OBJC_ISA_USAGE = YES_ERROR;
				CLANG_WARN_EMPTY_BODY = YES;
				CLANG_WARN_ENUM_CONVERSION = YES;
				CLANG_WARN_INT_CONVERSION = YES;
				CLANG_WARN_OBJC_ROOT_CLASS = YES_ERROR;
				CLANG_WARN_UNREACHABLE_CODE = YES;
				CLANG_WARN__DUPLICATE_METHOD_MATCH = YES;
				"CODE_SIGN_IDENTITY[sdk=iphoneos*]" = "iPhone Developer";
				COPY_PHASE_STRIP = NO;
				DEBUG_INFORMATION_FORMAT = dwarf;
				ENABLE_STRICT_OBJC_MSGSEND = YES;
				ENABLE_TESTABILITY = YES;
				GCC_C_LANGUAGE_STANDARD = gnu99;
				GCC_DYNAMIC_NO_PIC = NO;
				GCC_NO_COMMON_BLOCKS = YES;
				GCC_OPTIMIZATION_LEVEL = 0;
				GCC_PREPROCESSOR_DEFINITIONS = (
					"DEBUG=1",
					"$(inherited)",
				);
				GCC_WARN_64_TO_32_BIT_CONVERSION = YES;
				GCC_WARN_ABOUT_RETURN_TYPE = YES_ERROR;
				GCC_WARN_UNDECLARED_SELECTOR = YES;
				GCC_WARN_UNINITIALIZED_AUTOS = YES_AGGRESSIVE;
				GCC_WARN_UNUSED_FUNCTION = YES;
				GCC_WARN_UNUSED_VARIABLE = YES;
				IPHONEOS_DEPLOYMENT_TARGET = 9.2;
				MTL_ENABLE_DEBUG_INFO = YES;
				ONLY_ACTIVE_ARCH = YES;
				SDKROOT = iphoneos;
				SWIFT_OPTIMIZATION_LEVEL = "-Onone";
			};
			name = Debug;
		};
		CF9257BA1C7BD6D30014CF3D /* Release */ = {
			isa = XCBuildConfiguration;
			buildSettings = {
				ALWAYS_SEARCH_USER_PATHS = NO;
				CLANG_CXX_LANGUAGE_STANDARD = "gnu++0x";
				CLANG_CXX_LIBRARY = "libc++";
				CLANG_ENABLE_MODULES = YES;
				CLANG_ENABLE_OBJC_ARC = YES;
				CLANG_WARN_BOOL_CONVERSION = YES;
				CLANG_WARN_CONSTANT_CONVERSION = YES;
				CLANG_WARN_DIRECT_OBJC_ISA_USAGE = YES_ERROR;
				CLANG_WARN_EMPTY_BODY = YES;
				CLANG_WARN_ENUM_CONVERSION = YES;
				CLANG_WARN_INT_CONVERSION = YES;
				CLANG_WARN_OBJC_ROOT_CLASS = YES_ERROR;
				CLANG_WARN_UNREACHABLE_CODE = YES;
				CLANG_WARN__DUPLICATE_METHOD_MATCH = YES;
				"CODE_SIGN_IDENTITY[sdk=iphoneos*]" = "iPhone Developer";
				COPY_PHASE_STRIP = NO;
				DEBUG_INFORMATION_FORMAT = "dwarf-with-dsym";
				ENABLE_NS_ASSERTIONS = NO;
				ENABLE_STRICT_OBJC_MSGSEND = YES;
				GCC_C_LANGUAGE_STANDARD = gnu99;
				GCC_NO_COMMON_BLOCKS = YES;
				GCC_WARN_64_TO_32_BIT_CONVERSION = YES;
				GCC_WARN_ABOUT_RETURN_TYPE = YES_ERROR;
				GCC_WARN_UNDECLARED_SELECTOR = YES;
				GCC_WARN_UNINITIALIZED_AUTOS = YES_AGGRESSIVE;
				GCC_WARN_UNUSED_FUNCTION = YES;
				GCC_WARN_UNUSED_VARIABLE = YES;
				IPHONEOS_DEPLOYMENT_TARGET = 9.2;
				MTL_ENABLE_DEBUG_INFO = NO;
				SDKROOT = iphoneos;
				VALIDATE_PRODUCT = YES;
			};
			name = Release;
		};
		CF9257BC1C7BD6D30014CF3D /* Debug */ = {
			isa = XCBuildConfiguration;
			baseConfigurationReference = 5965025D6474571C89773B12 /* Pods-Twitter.debug.xcconfig */;
			buildSettings = {
				ASSETCATALOG_COMPILER_APPICON_NAME = AppIcon;
				INFOPLIST_FILE = Twitter/Info.plist;
				LD_RUNPATH_SEARCH_PATHS = "$(inherited) @executable_path/Frameworks";
				PRODUCT_BUNDLE_IDENTIFIER = com.Thardak.Twitter;
				PRODUCT_NAME = "$(TARGET_NAME)";
			};
			name = Debug;
		};
		CF9257BD1C7BD6D30014CF3D /* Release */ = {
			isa = XCBuildConfiguration;
			baseConfigurationReference = 5507EBD37861B325E82C33B0 /* Pods-Twitter.release.xcconfig */;
			buildSettings = {
				ASSETCATALOG_COMPILER_APPICON_NAME = AppIcon;
				INFOPLIST_FILE = Twitter/Info.plist;
				LD_RUNPATH_SEARCH_PATHS = "$(inherited) @executable_path/Frameworks";
				PRODUCT_BUNDLE_IDENTIFIER = com.Thardak.Twitter;
				PRODUCT_NAME = "$(TARGET_NAME)";
			};
			name = Release;
		};
/* End XCBuildConfiguration section */

/* Begin XCConfigurationList section */
		CF9257A41C7BD6D30014CF3D /* Build configuration list for PBXProject "Twitter" */ = {
			isa = XCConfigurationList;
			buildConfigurations = (
				CF9257B91C7BD6D30014CF3D /* Debug */,
				CF9257BA1C7BD6D30014CF3D /* Release */,
			);
			defaultConfigurationIsVisible = 0;
			defaultConfigurationName = Release;
		};
		CF9257BB1C7BD6D30014CF3D /* Build configuration list for PBXNativeTarget "Twitter" */ = {
			isa = XCConfigurationList;
			buildConfigurations = (
				CF9257BC1C7BD6D30014CF3D /* Debug */,
				CF9257BD1C7BD6D30014CF3D /* Release */,
			);
			defaultConfigurationIsVisible = 0;
			defaultConfigurationName = Release;
		};
/* End XCConfigurationList section */
	};
	rootObject = CF9257A11C7BD6D30014CF3D /* Project object */;
}
